<?xml version="1.0" encoding="utf-8"?>
<Project ToolsVersion="4.0" xmlns="http://schemas.microsoft.com/developer/msbuild/2003">
  <ItemGroup>
    <Filter Include="源文件">
      <UniqueIdentifier>{4FC737F1-C7A5-4376-A066-2A32D752A2FF}</UniqueIdentifier>
      <Extensions>cpp;c;cc;cxx;def;odl;idl;hpj;bat;asm;asmx</Extensions>
    </Filter>
    <Filter Include="头文件">
      <UniqueIdentifier>{93995380-89BD-4b04-88EB-625FBE52EBFB}</UniqueIdentifier>
      <Extensions>h;hh;hpp;hxx;hm;inl;inc;ipp;xsd</Extensions>
    </Filter>
    <Filter Include="资源文件">
      <UniqueIdentifier>{67DA6AB6-F800-4c08-8B7A-83BB121AAD01}</UniqueIdentifier>
      <Extensions>rc;ico;cur;bmp;dlg;rc2;rct;bin;rgs;gif;jpg;jpeg;jpe;resx;tiff;tif;png;wav;mfcribbon-ms</Extensions>
    </Filter>
    <Filter Include="头文件\pub">
      <UniqueIdentifier>{e481104f-6f53-47ae-8976-7dccc3599960}</UniqueIdentifier>
    </Filter>
    <Filter Include="头文件\part 1:cpp base">
      <UniqueIdentifier>{6c5d7346-8593-452a-bee8-0e15154784a1}</UniqueIdentifier>
    </Filter>
    <Filter Include="头文件\part 2:cpp std">
      <UniqueIdentifier>{90446e80-88cc-487b-bb8c-94923914c4bd}</UniqueIdentifier>
    </Filter>
  </ItemGroup>
  <ItemGroup>
    <ClInclude Include="note.h">
      <Filter>资源文件</Filter>
    </ClInclude>
    <ClInclude Include="stdafx.h">
      <Filter>头文件\pub</Filter>
    </ClInclude>
    <ClInclude Include="T.h">
      <Filter>头文件\pub</Filter>
    </ClInclude>
    <ClInclude Include="ChapterFive.h">
      <Filter>头文件\part 1:cpp base</Filter>
    </ClInclude>
    <ClInclude Include="ChapterFour.h">
      <Filter>头文件\part 1:cpp base</Filter>
    </ClInclude>
    <ClInclude Include="ChapterSeven.h">
      <Filter>头文件\part 1:cpp base</Filter>
    </ClInclude>
    <ClInclude Include="ChapterSix.h">
      <Filter>头文件\part 1:cpp base</Filter>
    </ClInclude>
    <ClInclude Include="ChapterThree.h">
      <Filter>头文件\part 1:cpp base</Filter>
    </ClInclude>
    <ClInclude Include="ChapterEight_io.h">
      <Filter>头文件\part 2:cpp std</Filter>
    </ClInclude>
    <ClInclude Include="ChapterNine_sc.h">
      <Filter>头文件\part 2:cpp std</Filter>
    </ClInclude>
    <ClInclude Include="ChapterTen_ge.h">
      <Filter>头文件\part 2:cpp std</Filter>
    </ClInclude>
    <ClInclude Include="ChapterEleven_associative-container.h">
      <Filter>头文件\part 2:cpp std</Filter>
    </ClInclude>
    <ClInclude Include="ChapterTwelve_dynamically-allocate.h">
      <Filter>头文件\part 2:cpp std</Filter>
    </ClInclude>
  </ItemGroup>
  <ItemGroup>
    <ClCompile Include="T.cpp">
      <Filter>源文件</Filter>
    </ClCompile>
  </ItemGroup>
</Project>